
Microsoft Visual Studio Solution File, Format Version 12.00
# Visual Studio Version 17
VisualStudioVersion = 17.11.35327.3
MinimumVisualStudioVersion = 10.0.40219.1
Project("{D2ABAB84-BF74-430A-B69E-9DC6D40DDA17}") = "PFase2_201602805", "PFase2_201602805.dwproj", "{92F0A0A3-5C8F-44AA-88F2-55B9D251F167}"
EndProject
Global
	GlobalSection(SolutionConfigurationPlatforms) = preSolution
		Development|Default = Development|Default
	EndGlobalSection
	GlobalSection(ProjectConfigurationPlatforms) = postSolution
		{92F0A0A3-5C8F-44AA-88F2-55B9D251F167}.Development|Default.ActiveCfg = Development
		{92F0A0A3-5C8F-44AA-88F2-55B9D251F167}.Development|Default.Build.0 = Development
		{92F0A0A3-5C8F-44AA-88F2-55B9D251F167}.Development|Default.Deploy.0 = Development
	EndGlobalSection
	GlobalSection(SolutionProperties) = preSolution
		HideSolutionNode = FALSE
	EndGlobalSection
	GlobalSection(ExtensibilityGlobals) = postSolution
		SolutionGuid = {E5C02F0B-03BE-4378-9BD5-55F78F79EEE0}
	EndGlobalSection
EndGlobal
